<?xml version="1.0" encoding="utf-8"?>
<Project ToolsVersion="4.0" xmlns="http://schemas.microsoft.com/developer/msbuild/2003">
  <ItemGroup>
    <Filter Include="Source Files">
      <UniqueIdentifier>{4FC737F1-C7A5-4376-A066-2A32D752A2FF}</UniqueIdentifier>
      <Extensions>cpp;c;cc;cxx;c++;cppm;ixx;def;odl;idl;hpj;bat;asm;asmx</Extensions>
    </Filter>
    <Filter Include="Header Files">
      <UniqueIdentifier>{93995380-89BD-4b04-88EB-625FBE52EBFB}</UniqueIdentifier>
      <Extensions>h;hh;hpp;hxx;h++;hm;inl;inc;ipp;xsd</Extensions>
    </Filter>
    <Filter Include="Resource Files">
      <UniqueIdentifier>{67DA6AB6-F800-4c08-8B7A-83BB121AAD01}</UniqueIdentifier>
      <Extensions>rc;ico;cur;bmp;dlg;rc2;rct;bin;rgs;gif;jpg;jpeg;jpe;resx;tiff;tif;png;wav;mfcribbon-ms</Extensions>
    </Filter>
    <Filter Include="Header Files\MaterialDesign">
      <UniqueIdentifier>{c4933ef9-3752-4e69-aeda-ce9a7c9292b8}</UniqueIdentifier>
    </Filter>
    <Filter Include="Source Files\MaterialDesign">
      <UniqueIdentifier>{16ff1013-2f7f-4a6a-ac0d-e058b639441c}</UniqueIdentifier>
    </Filter>
    <Filter Include="Header Files\Interfaces">
      <UniqueIdentifier>{cbe40996-59c6-49b6-a80f-596a2969b025}</UniqueIdentifier>
    </Filter>
    <Filter Include="Header Files\Camera">
      <UniqueIdentifier>{e1d48ff5-4562-46c1-be1e-afeb38f1f440}</UniqueIdentifier>
    </Filter>
    <Filter Include="Header Files\Motors">
      <UniqueIdentifier>{803f6663-eacc-427c-aac8-ca85d4f6a992}</UniqueIdentifier>
    </Filter>
    <Filter Include="Source Files\Camera">
      <UniqueIdentifier>{d6d38b99-bea0-42e7-a98b-4c32ca675ca5}</UniqueIdentifier>
    </Filter>
    <Filter Include="Source Files\Motors">
      <UniqueIdentifier>{da974a69-6438-4030-842e-1068edd01b0f}</UniqueIdentifier>
    </Filter>
    <Filter Include="Header Files\ExternalLibraries">
      <UniqueIdentifier>{8311a345-df65-4834-8a32-8a28e254ab9c}</UniqueIdentifier>
    </Filter>
    <Filter Include="Header Files\OtherHeaders">
      <UniqueIdentifier>{7371b76b-cc46-4efe-b9b2-77ab602e2ab1}</UniqueIdentifier>
    </Filter>
    <Filter Include="Header Files\Motors\Xeryon">
      <UniqueIdentifier>{953e9892-6271-45a4-8dbb-538253f5d764}</UniqueIdentifier>
    </Filter>
    <Filter Include="Source Files\Motors\Xeryon">
      <UniqueIdentifier>{d659a0bf-07cb-426a-8a46-040576b14243}</UniqueIdentifier>
    </Filter>
  </ItemGroup>
  <ItemGroup>
    <ClInclude Include="cApp.h">
      <Filter>Header Files</Filter>
    </ClInclude>
    <ClInclude Include="cMain.h">
      <Filter>Header Files</Filter>
    </ClInclude>
    <ClInclude Include="cCamPreview.h">
      <Filter>Header Files</Filter>
    </ClInclude>
    <ClInclude Include="cSettings.h">
      <Filter>Header Files</Filter>
    </ClInclude>
    <ClInclude Include="resource.h">
      <Filter>Header Files</Filter>
    </ClInclude>
    <ClInclude Include="cPreviewTools.h">
      <Filter>Header Files</Filter>
    </ClInclude>
    <ClInclude Include="json.hpp">
      <Filter>Header Files\ExternalLibraries</Filter>
    </ClInclude>
    <ClInclude Include="..\MaterialDesign\wxAwesomeBrandsArt.hpp">
      <Filter>Header Files\MaterialDesign</Filter>
    </ClInclude>
    <ClInclude Include="..\MaterialDesign\wxAwesomeRegularArt.hpp">
      <Filter>Header Files\MaterialDesign</Filter>
    </ClInclude>
    <ClInclude Include="..\MaterialDesign\wxAwesomeSolidArt.hpp">
      <Filter>Header Files\MaterialDesign</Filter>
    </ClInclude>
    <ClInclude Include="..\MaterialDesign\wxFluentuiFilledArt.hpp">
      <Filter>Header Files\MaterialDesign</Filter>
    </ClInclude>
    <ClInclude Include="..\MaterialDesign\wxFluentuiRegularArt.hpp">
      <Filter>Header Files\MaterialDesign</Filter>
    </ClInclude>
    <ClInclude Include="..\MaterialDesign\wxMaterialDesignArtProvider.hpp">
      <Filter>Header Files\MaterialDesign</Filter>
    </ClInclude>
    <ClInclude Include="..\MaterialDesign\wxMaterialFilledArt.hpp">
      <Filter>Header Files\MaterialDesign</Filter>
    </ClInclude>
    <ClInclude Include="..\MaterialDesign\wxMaterialOutlinedArt.hpp">
      <Filter>Header Files\MaterialDesign</Filter>
    </ClInclude>
    <ClInclude Include="..\MaterialDesign\wxMaterialRoundArt.hpp">
      <Filter>Header Files\MaterialDesign</Filter>
    </ClInclude>
    <ClInclude Include="..\MaterialDesign\wxMaterialSharpArt.hpp">
      <Filter>Header Files\MaterialDesign</Filter>
    </ClInclude>
    <ClInclude Include="..\MaterialDesign\wxMaterialTwoToneArt.hpp">
      <Filter>Header Files\MaterialDesign</Filter>
    </ClInclude>
    <ClInclude Include="..\MaterialDesign\wxSimpleIconsArt.hpp">
      <Filter>Header Files\MaterialDesign</Filter>
    </ClInclude>
    <ClInclude Include="resource1.h">
      <Filter>Header Files</Filter>
    </ClInclude>
    <ClInclude Include="cGenerateReportDialog.h">
      <Filter>Header Files</Filter>
    </ClInclude>
    <ClInclude Include="CameraControl.h">
      <Filter>Header Files</Filter>
    </ClInclude>
    <ClInclude Include="IMotorArray.h">
      <Filter>Header Files\Interfaces</Filter>
    </ClInclude>
    <ClInclude Include="IMotor.h">
      <Filter>Header Files\Interfaces</Filter>
    </ClInclude>
    <ClInclude Include="XimeaControl.h">
      <Filter>Header Files\Camera</Filter>
    </ClInclude>
    <ClInclude Include="StandaMotor.h">
      <Filter>Header Files\Motors</Filter>
    </ClInclude>
    <ClInclude Include="XeryonMotor.h">
      <Filter>Header Files\Motors</Filter>
    </ClInclude>
    <ClInclude Include="PostprocessingAlgorithms.h">
      <Filter>Header Files\OtherHeaders</Filter>
    </ClInclude>
    <ClInclude Include="SerialPortCommunication.h">
      <Filter>Header Files\OtherHeaders</Filter>
    </ClInclude>
    <ClInclude Include="..\include\Xeryon\inc\Axis.h">
      <Filter>Header Files\Motors\Xeryon</Filter>
    </ClInclude>
    <ClInclude Include="..\include\Xeryon\inc\Distance.h">
      <Filter>Header Files\Motors\Xeryon</Filter>
    </ClInclude>
    <ClInclude Include="..\include\Xeryon\inc\Stage.h">
      <Filter>Header Files\Motors\Xeryon</Filter>
    </ClInclude>
    <ClInclude Include="..\include\Xeryon\inc\Xeryon.h">
      <Filter>Header Files\Motors\Xeryon</Filter>
    </ClInclude>
  </ItemGroup>
  <ItemGroup>
    <ClCompile Include="cApp.cpp">
      <Filter>Source Files</Filter>
    </ClCompile>
    <ClCompile Include="cMain.cpp">
      <Filter>Source Files</Filter>
    </ClCompile>
    <ClCompile Include="cCamPreview.cpp">
      <Filter>Source Files</Filter>
    </ClCompile>
    <ClCompile Include="cSettings.cpp">
      <Filter>Source Files</Filter>
    </ClCompile>
    <ClCompile Include="cPreviewTools.cpp">
      <Filter>Source Files</Filter>
    </ClCompile>
    <ClCompile Include="..\MaterialDesign\wxAwesomeBrandsArt.cpp">
      <Filter>Source Files\MaterialDesign</Filter>
    </ClCompile>
    <ClCompile Include="..\MaterialDesign\wxAwesomeRegularArt.cpp">
      <Filter>Source Files\MaterialDesign</Filter>
    </ClCompile>
    <ClCompile Include="..\MaterialDesign\wxAwesomeSolidArt.cpp">
      <Filter>Source Files\MaterialDesign</Filter>
    </ClCompile>
    <ClCompile Include="..\MaterialDesign\wxFluentuiFilledArt.cpp">
      <Filter>Source Files\MaterialDesign</Filter>
    </ClCompile>
    <ClCompile Include="..\MaterialDesign\wxFluentuiRegularArt.cpp">
      <Filter>Source Files\MaterialDesign</Filter>
    </ClCompile>
    <ClCompile Include="..\MaterialDesign\wxMaterialDesignArtProvider.cpp">
      <Filter>Source Files\MaterialDesign</Filter>
    </ClCompile>
    <ClCompile Include="..\MaterialDesign\wxMaterialFilledArt.cpp">
      <Filter>Source Files\MaterialDesign</Filter>
    </ClCompile>
    <ClCompile Include="..\MaterialDesign\wxMaterialOutlinedArt.cpp">
      <Filter>Source Files\MaterialDesign</Filter>
    </ClCompile>
    <ClCompile Include="..\MaterialDesign\wxMaterialRoundArt.cpp">
      <Filter>Source Files\MaterialDesign</Filter>
    </ClCompile>
    <ClCompile Include="..\MaterialDesign\wxMaterialSharpArt.cpp">
      <Filter>Source Files\MaterialDesign</Filter>
    </ClCompile>
    <ClCompile Include="..\MaterialDesign\wxMaterialTwoToneArt.cpp">
      <Filter>Source Files\MaterialDesign</Filter>
    </ClCompile>
    <ClCompile Include="..\MaterialDesign\wxSimpleIconsArt.cpp">
      <Filter>Source Files\MaterialDesign</Filter>
    </ClCompile>
    <ClCompile Include="cGenerateReportDialog.cpp">
      <Filter>Source Files</Filter>
    </ClCompile>
    <ClCompile Include="XimeaControl.cpp">
      <Filter>Source Files\Camera</Filter>
    </ClCompile>
    <ClCompile Include="StandaMotor.cpp">
      <Filter>Source Files\Motors</Filter>
    </ClCompile>
    <ClCompile Include="XeryonMotor.cpp">
      <Filter>Source Files\Motors</Filter>
    </ClCompile>
    <ClCompile Include="..\include\Xeryon\src\Axis.cpp">
      <Filter>Source Files\Motors\Xeryon</Filter>
    </ClCompile>
    <ClCompile Include="..\include\Xeryon\src\Distance.cpp">
      <Filter>Source Files\Motors\Xeryon</Filter>
    </ClCompile>
    <ClCompile Include="..\include\Xeryon\src\Stage.cpp">
      <Filter>Source Files\Motors\Xeryon</Filter>
    </ClCompile>
    <ClCompile Include="..\include\Xeryon\src\Xeryon.cpp">
      <Filter>Source Files\Motors\Xeryon</Filter>
    </ClCompile>
  </ItemGroup>
  <ItemGroup>
    <ResourceCompile Include="MMCam.rc">
      <Filter>Resource Files</Filter>
    </ResourceCompile>
  </ItemGroup>
  <ItemGroup>
    <Image Include="src\img\logo.ico">
      <Filter>Resource Files</Filter>
    </Image>
  </ItemGroup>
</Project>